
Microsoft Visual Studio Solution File, Format Version 12.00
# Visual Studio Version 17
VisualStudioVersion = 17.11.35303.130
MinimumVisualStudioVersion = 10.0.40219.1
Project("{8BC9CEB8-8B4A-11D0-8D11-00A0C91BC942}") = "HW2", "HW2\HW2.vcxproj", "{3DDBE600-565B-4C27-8EFE-B8E0C1821B63}"
EndProject
Global
	GlobalSection(SolutionConfigurationPlatforms) = preSolution
		Debug|x64 = Debug|x64
		Debug|x86 = Debug|x86
		Release|x64 = Release|x64
		Release|x86 = Release|x86
	EndGlobalSection
	GlobalSection(ProjectConfigurationPlatforms) = postSolution
		{3DDBE600-565B-4C27-8EFE-B8E0C1821B63}.Debug|x64.ActiveCfg = Debug|x64
		{3DDBE600-565B-4C27-8EFE-B8E0C1821B63}.Debug|x64.Build.0 = Debug|x64
		{3DDBE600-565B-4C27-8EFE-B8E0C1821B63}.Debug|x86.ActiveCfg = Debug|Win32
		{3DDBE600-565B-4C27-8EFE-B8E0C1821B63}.Debug|x86.Build.0 = Debug|Win32
		{3DDBE600-565B-4C27-8EFE-B8E0C1821B63}.Release|x64.ActiveCfg = Release|x64
		{3DDBE600-565B-4C27-8EFE-B8E0C1821B63}.Release|x64.Build.0 = Release|x64
		{3DDBE600-565B-4C27-8EFE-B8E0C1821B63}.Release|x86.ActiveCfg = Release|Win32
		{3DDBE600-565B-4C27-8EFE-B8E0C1821B63}.Release|x86.Build.0 = Release|Win32
	EndGlobalSection
	GlobalSection(SolutionProperties) = preSolution
		HideSolutionNode = FALSE
	EndGlobalSection
	GlobalSection(ExtensibilityGlobals) = postSolution
		SolutionGuid = {29B89191-4978-414D-85C4-8B17893CE783}
	EndGlobalSection
EndGlobal
